
Microsoft Visual Studio Solution File, Format Version 12.00
# Visual Studio Version 16
VisualStudioVersion = 16.0.34301.259
MinimumVisualStudioVersion = 10.0.40219.1
Project("{FAE04EC0-301F-11D3-BF4B-00C04F79EFBC}") = "ConsoleApp14", "ConsoleApp14\ConsoleApp14.csproj", "{A94656C0-C46E-4475-8227-1B1F2C01DF9C}"
EndProject
Global
	GlobalSection(SolutionConfigurationPlatforms) = preSolution
		Debug|Any CPU = Debug|Any CPU
		Release|Any CPU = Release|Any CPU
	EndGlobalSection
	GlobalSection(ProjectConfigurationPlatforms) = postSolution
		{A94656C0-C46E-4475-8227-1B1F2C01DF9C}.Debug|Any CPU.ActiveCfg = Debug|Any CPU
		{A94656C0-C46E-4475-8227-1B1F2C01DF9C}.Debug|Any CPU.Build.0 = Debug|Any CPU
		{A94656C0-C46E-4475-8227-1B1F2C01DF9C}.Release|Any CPU.ActiveCfg = Release|Any CPU
		{A94656C0-C46E-4475-8227-1B1F2C01DF9C}.Release|Any CPU.Build.0 = Release|Any CPU
	EndGlobalSection
	GlobalSection(SolutionProperties) = preSolution
		HideSolutionNode = FALSE
	EndGlobalSection
	GlobalSection(ExtensibilityGlobals) = postSolution
		SolutionGuid = {3A53B59A-C433-4E4C-B51D-450B51D3EE71}
	EndGlobalSection
EndGlobal
